
Microsoft Visual Studio Solution File, Format Version 12.00
# Visual Studio Version 17
VisualStudioVersion = 17.11.35312.102
MinimumVisualStudioVersion = 10.0.40219.1
Project("{9A19103F-16F7-4668-BE54-9A1E7A4F7556}") = "server", "server.csproj", "{CFD9C27D-CB19-4B71-B0B0-F8A09CC04101}"
EndProject
Global
	GlobalSection(SolutionConfigurationPlatforms) = preSolution
		Debug|Any CPU = Debug|Any CPU
		Release|Any CPU = Release|Any CPU
	EndGlobalSection
	GlobalSection(ProjectConfigurationPlatforms) = postSolution
		{CFD9C27D-CB19-4B71-B0B0-F8A09CC04101}.Debug|Any CPU.ActiveCfg = Debug|Any CPU
		{CFD9C27D-CB19-4B71-B0B0-F8A09CC04101}.Debug|Any CPU.Build.0 = Debug|Any CPU
		{CFD9C27D-CB19-4B71-B0B0-F8A09CC04101}.Release|Any CPU.ActiveCfg = Release|Any CPU
		{CFD9C27D-CB19-4B71-B0B0-F8A09CC04101}.Release|Any CPU.Build.0 = Release|Any CPU
	EndGlobalSection
	GlobalSection(SolutionProperties) = preSolution
		HideSolutionNode = FALSE
	EndGlobalSection
	GlobalSection(ExtensibilityGlobals) = postSolution
		SolutionGuid = {ADAEE899-7B49-45BE-90E2-AFE6AE492D1B}
	EndGlobalSection
EndGlobal
